
Microsoft Visual Studio Solution File, Format Version 12.00
# Visual Studio Version 16
VisualStudioVersion = 16.0.30907.101
MinimumVisualStudioVersion = 10.0.40219.1
Project("{FAE04EC0-301F-11D3-BF4B-00C04F79EFBC}") = "WebApplication2", "WebApplication2\WebApplication2.csproj", "{DCBFEB05-486E-48A5-BF14-2D672C0AC049}"
EndProject
Project("{2150E333-8FDC-42A3-9474-1A3956D46DE8}") = "NewFolder1", "NewFolder1", "{57758423-11AF-45C9-B4D1-CD8026293759}"
EndProject
Global
	GlobalSection(SolutionConfigurationPlatforms) = preSolution
		Debug|Any CPU = Debug|Any CPU
		Release|Any CPU = Release|Any CPU
	EndGlobalSection
	GlobalSection(ProjectConfigurationPlatforms) = postSolution
		{DCBFEB05-486E-48A5-BF14-2D672C0AC049}.Debug|Any CPU.ActiveCfg = Debug|Any CPU
		{DCBFEB05-486E-48A5-BF14-2D672C0AC049}.Debug|Any CPU.Build.0 = Debug|Any CPU
		{DCBFEB05-486E-48A5-BF14-2D672C0AC049}.Release|Any CPU.ActiveCfg = Release|Any CPU
		{DCBFEB05-486E-48A5-BF14-2D672C0AC049}.Release|Any CPU.Build.0 = Release|Any CPU
	EndGlobalSection
	GlobalSection(SolutionProperties) = preSolution
		HideSolutionNode = FALSE
	EndGlobalSection
	GlobalSection(ExtensibilityGlobals) = postSolution
		SolutionGuid = {20F860C7-223A-4F13-8081-A6043E326F69}
	EndGlobalSection
EndGlobal
